
Microsoft Visual Studio Solution File, Format Version 12.00
# Visual Studio Version 16
VisualStudioVersion = 16.0.31729.503
MinimumVisualStudioVersion = 10.0.40219.1
Project("{FAE04EC0-301F-11D3-BF4B-00C04F79EFBC}") = "SITConnect", "SITConnect.csproj", "{D69A85B1-0430-46B3-9985-175552FF4F2F}"
EndProject
Global
	GlobalSection(SolutionConfigurationPlatforms) = preSolution
		Debug|Any CPU = Debug|Any CPU
		Release|Any CPU = Release|Any CPU
	EndGlobalSection
	GlobalSection(ProjectConfigurationPlatforms) = postSolution
		{D69A85B1-0430-46B3-9985-175552FF4F2F}.Debug|Any CPU.ActiveCfg = Debug|Any CPU
		{D69A85B1-0430-46B3-9985-175552FF4F2F}.Debug|Any CPU.Build.0 = Debug|Any CPU
		{D69A85B1-0430-46B3-9985-175552FF4F2F}.Release|Any CPU.ActiveCfg = Release|Any CPU
		{D69A85B1-0430-46B3-9985-175552FF4F2F}.Release|Any CPU.Build.0 = Release|Any CPU
	EndGlobalSection
	GlobalSection(SolutionProperties) = preSolution
		HideSolutionNode = FALSE
	EndGlobalSection
	GlobalSection(ExtensibilityGlobals) = postSolution
		SolutionGuid = {8B2812C2-AA6B-4BFB-9F60-AA27F510FB72}
	EndGlobalSection
EndGlobal
